
Microsoft Visual Studio Solution File, Format Version 12.00
# Visual Studio Version 17
VisualStudioVersion = 17.8.34511.84
MinimumVisualStudioVersion = 10.0.40219.1
Project("{FAE04EC0-301F-11D3-BF4B-00C04F79EFBC}") = "NotesApp", "NotesApp.csproj", "{F4BA20E6-D4A5-4348-8179-7FA5903F7D48}"
EndProject
Global
	GlobalSection(SolutionConfigurationPlatforms) = preSolution
		Debug|Any CPU = Debug|Any CPU
		Release|Any CPU = Release|Any CPU
	EndGlobalSection
	GlobalSection(ProjectConfigurationPlatforms) = postSolution
		{F4BA20E6-D4A5-4348-8179-7FA5903F7D48}.Debug|Any CPU.ActiveCfg = Debug|Any CPU
		{F4BA20E6-D4A5-4348-8179-7FA5903F7D48}.Debug|Any CPU.Build.0 = Debug|Any CPU
		{F4BA20E6-D4A5-4348-8179-7FA5903F7D48}.Release|Any CPU.ActiveCfg = Release|Any CPU
		{F4BA20E6-D4A5-4348-8179-7FA5903F7D48}.Release|Any CPU.Build.0 = Release|Any CPU
	EndGlobalSection
	GlobalSection(SolutionProperties) = preSolution
		HideSolutionNode = FALSE
	EndGlobalSection
	GlobalSection(ExtensibilityGlobals) = postSolution
		SolutionGuid = {2465B8B2-47FA-4386-9234-AE2087CFA55E}
	EndGlobalSection
EndGlobal
